
Microsoft Visual Studio Solution File, Format Version 12.00
# Visual Studio Version 16
VisualStudioVersion = 16.0.31624.102
MinimumVisualStudioVersion = 10.0.40219.1
Project("{9A19103F-16F7-4668-BE54-9A1E7A4F7556}") = "SellFlowWeb", "SellFlowWeb\SellFlowWeb.csproj", "{E219A532-D00D-41AD-86D2-D96FE0D19B71}"
EndProject
Project("{FAE04EC0-301F-11D3-BF4B-00C04F79EFBC}") = "Models", "Models\Models.csproj", "{177829F0-4C40-41E7-95D0-4B5CA295FF3D}"
EndProject
Project("{FAE04EC0-301F-11D3-BF4B-00C04F79EFBC}") = "ApiClient", "ApiClient\ApiClient.csproj", "{3701CBA6-8162-4299-A85B-69E025C8C173}"
EndProject
Global
	GlobalSection(SolutionConfigurationPlatforms) = preSolution
		Debug|Any CPU = Debug|Any CPU
		Release|Any CPU = Release|Any CPU
	EndGlobalSection
	GlobalSection(ProjectConfigurationPlatforms) = postSolution
		{E219A532-D00D-41AD-86D2-D96FE0D19B71}.Debug|Any CPU.ActiveCfg = Debug|Any CPU
		{E219A532-D00D-41AD-86D2-D96FE0D19B71}.Debug|Any CPU.Build.0 = Debug|Any CPU
		{E219A532-D00D-41AD-86D2-D96FE0D19B71}.Release|Any CPU.ActiveCfg = Release|Any CPU
		{E219A532-D00D-41AD-86D2-D96FE0D19B71}.Release|Any CPU.Build.0 = Release|Any CPU
		{177829F0-4C40-41E7-95D0-4B5CA295FF3D}.Debug|Any CPU.ActiveCfg = Debug|Any CPU
		{177829F0-4C40-41E7-95D0-4B5CA295FF3D}.Debug|Any CPU.Build.0 = Debug|Any CPU
		{177829F0-4C40-41E7-95D0-4B5CA295FF3D}.Release|Any CPU.ActiveCfg = Release|Any CPU
		{177829F0-4C40-41E7-95D0-4B5CA295FF3D}.Release|Any CPU.Build.0 = Release|Any CPU
		{3701CBA6-8162-4299-A85B-69E025C8C173}.Debug|Any CPU.ActiveCfg = Debug|Any CPU
		{3701CBA6-8162-4299-A85B-69E025C8C173}.Debug|Any CPU.Build.0 = Debug|Any CPU
		{3701CBA6-8162-4299-A85B-69E025C8C173}.Release|Any CPU.ActiveCfg = Release|Any CPU
		{3701CBA6-8162-4299-A85B-69E025C8C173}.Release|Any CPU.Build.0 = Release|Any CPU
	EndGlobalSection
	GlobalSection(SolutionProperties) = preSolution
		HideSolutionNode = FALSE
	EndGlobalSection
	GlobalSection(ExtensibilityGlobals) = postSolution
		SolutionGuid = {282E21D6-BD45-451C-A1EF-B5C9F59DCE04}
	EndGlobalSection
EndGlobal
